
Microsoft Visual Studio Solution File, Format Version 12.00
# Visual Studio Version 16
VisualStudioVersion = 16.0.30330.147
MinimumVisualStudioVersion = 10.0.40219.1
Project("{9A19103F-16F7-4668-BE54-9A1E7A4F7556}") = "LoggerDemo", "LoggerDemo\LoggerDemo.csproj", "{3195ED73-9BC7-4EAE-847E-E22B21C8C0CD}"
EndProject
Project("{FAE04EC0-301F-11D3-BF4B-00C04F79EFBC}") = "LoggerFactoryDemo", "LoggerFactoryDemo\LoggerFactoryDemo.csproj", "{A6EE387D-773D-4E35-B4FD-B42249474FBD}"
EndProject
Global
	GlobalSection(SolutionConfigurationPlatforms) = preSolution
		Debug|Any CPU = Debug|Any CPU
		Release|Any CPU = Release|Any CPU
	EndGlobalSection
	GlobalSection(ProjectConfigurationPlatforms) = postSolution
		{3195ED73-9BC7-4EAE-847E-E22B21C8C0CD}.Debug|Any CPU.ActiveCfg = Debug|Any CPU
		{3195ED73-9BC7-4EAE-847E-E22B21C8C0CD}.Debug|Any CPU.Build.0 = Debug|Any CPU
		{3195ED73-9BC7-4EAE-847E-E22B21C8C0CD}.Release|Any CPU.ActiveCfg = Release|Any CPU
		{3195ED73-9BC7-4EAE-847E-E22B21C8C0CD}.Release|Any CPU.Build.0 = Release|Any CPU
		{A6EE387D-773D-4E35-B4FD-B42249474FBD}.Debug|Any CPU.ActiveCfg = Debug|Any CPU
		{A6EE387D-773D-4E35-B4FD-B42249474FBD}.Debug|Any CPU.Build.0 = Debug|Any CPU
		{A6EE387D-773D-4E35-B4FD-B42249474FBD}.Release|Any CPU.ActiveCfg = Release|Any CPU
		{A6EE387D-773D-4E35-B4FD-B42249474FBD}.Release|Any CPU.Build.0 = Release|Any CPU
	EndGlobalSection
	GlobalSection(SolutionProperties) = preSolution
		HideSolutionNode = FALSE
	EndGlobalSection
	GlobalSection(ExtensibilityGlobals) = postSolution
		SolutionGuid = {E0AFBA0F-E86F-452A-9F25-E7AC3AED73CD}
	EndGlobalSection
EndGlobal
